{
  "name": "spectacle",
  "version": "0.0.7",
  "dependencies": {
    "alt": {
      "version": "0.16.10",
      "from": "alt@0.16.10",
      "resolved": "https://npme.walmart.com/a/alt/_attachments/alt-0.16.10.tgz",
      "dependencies": {
        "es-symbol": {
          "version": "1.1.2",
          "from": "es-symbol@1.1.2",
          "resolved": "https://npme.walmart.com/e/es-symbol/_attachments/es-symbol-1.1.2.tgz"
        },
        "eventemitter3": {
          "version": "0.1.6",
          "from": "eventemitter3@0.1.6",
          "resolved": "https://registry.npmjs.org/eventemitter3/-/eventemitter3-0.1.6.tgz"
        },
        "flux": {
          "version": "2.0.3",
          "from": "flux@2.0.3",
          "resolved": "https://registry.npmjs.org/flux/-/flux-2.0.3.tgz"
        }
      }
    },
    "highlight.js": {
      "version": "8.6.0",
      "from": "highlight.js@8.6.0",
      "resolved": "https://registry.npmjs.org/highlight.js/-/highlight.js-8.6.0.tgz"
    },
    "hjs-webpack": {
      "version": "2.8.1",
      "from": "hjs-webpack@2.8.1",
      "resolved": "https://registry.npmjs.org/hjs-webpack/-/hjs-webpack-2.8.1.tgz",
      "dependencies": {
        "extract-text-webpack-plugin": {
          "version": "0.5.0",
          "from": "extract-text-webpack-plugin@>=0.5.0 <0.6.0",
          "resolved": "https://registry.npmjs.org/extract-text-webpack-plugin/-/extract-text-webpack-plugin-0.5.0.tgz",
          "dependencies": {
            "async": {
              "version": "0.2.10",
              "from": "async@>=0.2.10 <0.3.0",
              "resolved": "https://registry.npmjs.org/async/-/async-0.2.10.tgz"
            },
            "source-map": {
              "version": "0.1.43",
              "from": "source-map@>=0.1.38 <0.2.0",
              "resolved": "https://registry.npmjs.org/source-map/-/source-map-0.1.43.tgz",
              "dependencies": {
                "amdefine": {
                  "version": "1.0.0",
                  "from": "amdefine@>=0.0.4",
                  "resolved": "https://npme.walmart.com/a/amdefine/_attachments/amdefine-1.0.0.tgz"
                }
              }
            },
            "loader-utils": {
              "version": "0.2.11",
              "from": "loader-utils@>=0.2.3 <0.3.0",
              "resolved": "https://registry.npmjs.org/loader-utils/-/loader-utils-0.2.11.tgz",
              "dependencies": {
                "big.js": {
                  "version": "3.1.3",
                  "from": "big.js@>=3.0.2 <4.0.0",
                  "resolved": "https://npme.walmart.com/b/big.js/_attachments/big.js-3.1.3.tgz"
                },
                "json5": {
                  "version": "0.4.0",
                  "from": "json5@>=0.4.0 <0.5.0",
                  "resolved": "https://registry.npmjs.org/json5/-/json5-0.4.0.tgz"
                }
              }
            }
          }
        },
        "find-root": {
          "version": "0.1.1",
          "from": "find-root@>=0.1.1 <0.2.0",
          "resolved": "https://registry.npmjs.org/find-root/-/find-root-0.1.1.tgz"
        },
        "lodash.assign": {
          "version": "3.2.0",
          "from": "lodash.assign@>=3.1.0 <4.0.0",
          "resolved": "https://registry.npmjs.org/lodash.assign/-/lodash.assign-3.2.0.tgz",
          "dependencies": {
            "lodash._baseassign": {
              "version": "3.2.0",
              "from": "lodash._baseassign@>=3.0.0 <4.0.0",
              "resolved": "https://registry.npmjs.org/lodash._baseassign/-/lodash._baseassign-3.2.0.tgz",
              "dependencies": {
                "lodash._basecopy": {
                  "version": "3.0.1",
                  "from": "lodash._basecopy@>=3.0.0 <4.0.0",
                  "resolved": "https://registry.npmjs.org/lodash._basecopy/-/lodash._basecopy-3.0.1.tgz"
                }
              }
            },
            "lodash._createassigner": {
              "version": "3.1.1",
              "from": "lodash._createassigner@>=3.0.0 <4.0.0",
              "resolved": "https://registry.npmjs.org/lodash._createassigner/-/lodash._createassigner-3.1.1.tgz",
              "dependencies": {
                "lodash._bindcallback": {
                  "version": "3.0.1",
                  "from": "lodash._bindcallback@>=3.0.0 <4.0.0",
                  "resolved": "https://registry.npmjs.org/lodash._bindcallback/-/lodash._bindcallback-3.0.1.tgz"
                },
                "lodash._isiterateecall": {
                  "version": "3.0.9",
                  "from": "lodash._isiterateecall@>=3.0.0 <4.0.0",
                  "resolved": "https://registry.npmjs.org/lodash._isiterateecall/-/lodash._isiterateecall-3.0.9.tgz"
                },
                "lodash.restparam": {
                  "version": "3.6.1",
                  "from": "lodash.restparam@>=3.0.0 <4.0.0",
                  "resolved": "https://registry.npmjs.org/lodash.restparam/-/lodash.restparam-3.6.1.tgz"
                }
              }
            },
            "lodash.keys": {
              "version": "3.1.2",
              "from": "lodash.keys@>=3.0.0 <4.0.0",
              "resolved": "https://registry.npmjs.org/lodash.keys/-/lodash.keys-3.1.2.tgz",
              "dependencies": {
                "lodash._getnative": {
                  "version": "3.9.1",
                  "from": "lodash._getnative@>=3.0.0 <4.0.0",
                  "resolved": "https://registry.npmjs.org/lodash._getnative/-/lodash._getnative-3.9.1.tgz"
                },
                "lodash.isarguments": {
                  "version": "3.0.4",
                  "from": "lodash.isarguments@>=3.0.0 <4.0.0",
                  "resolved": "https://registry.npmjs.org/lodash.isarguments/-/lodash.isarguments-3.0.4.tgz"
                },
                "lodash.isarray": {
                  "version": "3.0.4",
                  "from": "lodash.isarray@>=3.0.0 <4.0.0",
                  "resolved": "https://registry.npmjs.org/lodash.isarray/-/lodash.isarray-3.0.4.tgz"
                }
              }
            }
          }
        },
        "lodash.defaults": {
          "version": "3.1.2",
          "from": "lodash.defaults@>=3.0.0 <4.0.0",
          "resolved": "https://registry.npmjs.org/lodash.defaults/-/lodash.defaults-3.1.2.tgz",
          "dependencies": {
            "lodash.restparam": {
              "version": "3.6.1",
              "from": "lodash.restparam@>=3.0.0 <4.0.0",
              "resolved": "https://registry.npmjs.org/lodash.restparam/-/lodash.restparam-3.6.1.tgz"
            }
          }
        },
        "lodash.pick": {
          "version": "3.1.0",
          "from": "lodash.pick@>=3.1.0 <4.0.0",
          "resolved": "https://npme.walmart.com/l/lodash.pick/_attachments/lodash.pick-3.1.0.tgz",
          "dependencies": {
            "lodash._baseflatten": {
              "version": "3.1.4",
              "from": "lodash._baseflatten@>=3.0.0 <4.0.0",
              "resolved": "https://registry.npmjs.org/lodash._baseflatten/-/lodash._baseflatten-3.1.4.tgz",
              "dependencies": {
                "lodash.isarguments": {
                  "version": "3.0.4",
                  "from": "lodash.isarguments@>=3.0.0 <4.0.0",
                  "resolved": "https://registry.npmjs.org/lodash.isarguments/-/lodash.isarguments-3.0.4.tgz"
                },
                "lodash.isarray": {
                  "version": "3.0.4",
                  "from": "lodash.isarray@>=3.0.0 <4.0.0",
                  "resolved": "https://registry.npmjs.org/lodash.isarray/-/lodash.isarray-3.0.4.tgz"
                }
              }
            },
            "lodash._bindcallback": {
              "version": "3.0.1",
              "from": "lodash._bindcallback@>=3.0.0 <4.0.0",
              "resolved": "https://registry.npmjs.org/lodash._bindcallback/-/lodash._bindcallback-3.0.1.tgz"
            },
            "lodash._pickbyarray": {
              "version": "3.0.2",
              "from": "lodash._pickbyarray@>=3.0.0 <4.0.0",
              "resolved": "https://npme.walmart.com/l/lodash._pickbyarray/_attachments/lodash._pickbyarray-3.0.2.tgz"
            },
            "lodash._pickbycallback": {
              "version": "3.0.0",
              "from": "lodash._pickbycallback@>=3.0.0 <4.0.0",
              "resolved": "https://npme.walmart.com/l/lodash._pickbycallback/_attachments/lodash._pickbycallback-3.0.0.tgz",
              "dependencies": {
                "lodash._basefor": {
                  "version": "3.0.2",
                  "from": "lodash._basefor@>=3.0.0 <4.0.0",
                  "resolved": "https://npme.walmart.com/l/lodash._basefor/_attachments/lodash._basefor-3.0.2.tgz"
                },
                "lodash.keysin": {
                  "version": "3.0.8",
                  "from": "lodash.keysin@>=3.0.0 <4.0.0",
                  "resolved": "https://npme.walmart.com/l/lodash.keysin/_attachments/lodash.keysin-3.0.8.tgz",
                  "dependencies": {
                    "lodash.isarguments": {
                      "version": "3.0.4",
                      "from": "lodash.isarguments@>=3.0.0 <4.0.0",
                      "resolved": "https://registry.npmjs.org/lodash.isarguments/-/lodash.isarguments-3.0.4.tgz"
                    },
                    "lodash.isarray": {
                      "version": "3.0.4",
                      "from": "lodash.isarray@>=3.0.0 <4.0.0",
                      "resolved": "https://registry.npmjs.org/lodash.isarray/-/lodash.isarray-3.0.4.tgz"
                    }
                  }
                }
              }
            },
            "lodash.restparam": {
              "version": "3.6.1",
              "from": "lodash.restparam@>=3.0.0 <4.0.0",
              "resolved": "https://registry.npmjs.org/lodash.restparam/-/lodash.restparam-3.6.1.tgz"
            }
          }
        },
        "rimraf": {
          "version": "2.4.3",
          "from": "rimraf@>=2.3.4 <3.0.0",
          "resolved": "https://registry.npmjs.org/rimraf/-/rimraf-2.4.3.tgz",
          "dependencies": {
            "glob": {
              "version": "5.0.14",
              "from": "glob@>=5.0.14 <6.0.0",
              "resolved": "https://npme.walmart.com/g/glob/_attachments/glob-5.0.14.tgz",
              "dependencies": {
                "inflight": {
                  "version": "1.0.4",
                  "from": "inflight@>=1.0.4 <2.0.0",
                  "resolved": "https://registry.npmjs.org/inflight/-/inflight-1.0.4.tgz",
                  "dependencies": {
                    "wrappy": {
                      "version": "1.0.1",
                      "from": "wrappy@>=1.0.0 <2.0.0",
                      "resolved": "https://registry.npmjs.org/wrappy/-/wrappy-1.0.1.tgz"
                    }
                  }
                },
                "inherits": {
                  "version": "2.0.1",
                  "from": "inherits@>=2.0.0 <3.0.0",
                  "resolved": "https://npme.walmart.com/i/inherits/_attachments/inherits-2.0.1.tgz"
                },
                "minimatch": {
                  "version": "2.0.10",
                  "from": "minimatch@>=2.0.1 <3.0.0",
                  "resolved": "https://npme.walmart.com/m/minimatch/_attachments/minimatch-2.0.10.tgz",
                  "dependencies": {
                    "brace-expansion": {
                      "version": "1.1.0",
                      "from": "brace-expansion@>=1.0.0 <2.0.0",
                      "resolved": "https://registry.npmjs.org/brace-expansion/-/brace-expansion-1.1.0.tgz",
                      "dependencies": {
                        "balanced-match": {
                          "version": "0.2.0",
                          "from": "balanced-match@>=0.2.0 <0.3.0",
                          "resolved": "https://registry.npmjs.org/balanced-match/-/balanced-match-0.2.0.tgz"
                        },
                        "concat-map": {
                          "version": "0.0.1",
                          "from": "concat-map@0.0.1",
                          "resolved": "https://npme.walmart.com/c/concat-map/_attachments/concat-map-0.0.1.tgz"
                        }
                      }
                    }
                  }
                },
                "once": {
                  "version": "1.3.2",
                  "from": "once@>=1.3.0 <2.0.0",
                  "resolved": "https://registry.npmjs.org/once/-/once-1.3.2.tgz",
                  "dependencies": {
                    "wrappy": {
                      "version": "1.0.1",
                      "from": "wrappy@>=1.0.0 <2.0.0",
                      "resolved": "https://registry.npmjs.org/wrappy/-/wrappy-1.0.1.tgz"
                    }
                  }
                },
                "path-is-absolute": {
                  "version": "1.0.0",
                  "from": "path-is-absolute@>=1.0.0 <2.0.0",
                  "resolved": "https://registry.npmjs.org/path-is-absolute/-/path-is-absolute-1.0.0.tgz"
                }
              }
            }
          }
        }
      }
    },
    "lodash": {
      "version": "3.9.3",
      "from": "lodash@3.9.3",
      "resolved": "https://registry.npmjs.org/lodash/-/lodash-3.9.3.tgz"
    },
    "normalize.css": {
      "version": "3.0.3",
      "from": "normalize.css@3.0.3",
      "resolved": "https://npme.walmart.com/n/normalize.css/_attachments/normalize.css-3.0.3.tgz"
    },
    "object-assign": {
      "version": "3.0.0",
      "from": "object-assign@3.0.0",
      "resolved": "https://registry.npmjs.org/object-assign/-/object-assign-3.0.0.tgz"
    },
    "postcss-loader": {
      "version": "0.6.0",
      "from": "postcss-loader@*",
      "resolved": "https://registry.npmjs.org/postcss-loader/-/postcss-loader-0.6.0.tgz",
      "dependencies": {
        "loader-utils": {
          "version": "0.2.11",
          "from": "loader-utils@>=0.2.11 <0.3.0",
          "resolved": "https://registry.npmjs.org/loader-utils/-/loader-utils-0.2.11.tgz",
          "dependencies": {
            "big.js": {
              "version": "3.1.3",
              "from": "big.js@>=3.0.2 <4.0.0",
              "resolved": "https://npme.walmart.com/b/big.js/_attachments/big.js-3.1.3.tgz"
            },
            "json5": {
              "version": "0.4.0",
              "from": "json5@>=0.4.0 <0.5.0",
              "resolved": "https://registry.npmjs.org/json5/-/json5-0.4.0.tgz"
            }
          }
        },
        "postcss": {
          "version": "5.0.4",
          "from": "postcss@>=5.0.0 <6.0.0",
          "resolved": "https://registry.npmjs.org/postcss/-/postcss-5.0.4.tgz",
          "dependencies": {
            "supports-color": {
              "version": "3.1.1",
              "from": "supports-color@>=3.1.0 <4.0.0",
              "resolved": "https://registry.npmjs.org/supports-color/-/supports-color-3.1.1.tgz",
              "dependencies": {
                "has-flag": {
                  "version": "1.0.0",
                  "from": "has-flag@>=1.0.0 <2.0.0",
                  "resolved": "https://registry.npmjs.org/has-flag/-/has-flag-1.0.0.tgz"
                }
              }
            },
            "source-map": {
              "version": "0.4.4",
              "from": "source-map@>=0.4.4 <0.5.0",
              "resolved": "https://npme.walmart.com/s/source-map/_attachments/source-map-0.4.4.tgz",
              "dependencies": {
                "amdefine": {
                  "version": "1.0.0",
                  "from": "amdefine@>=0.0.4",
                  "resolved": "https://npme.walmart.com/a/amdefine/_attachments/amdefine-1.0.0.tgz"
                }
              }
            },
            "js-base64": {
              "version": "2.1.9",
              "from": "js-base64@>=2.1.9 <3.0.0",
              "resolved": "https://npme.walmart.com/j/js-base64/_attachments/js-base64-2.1.9.tgz"
            }
          }
        }
      }
    },
    "radium": {
      "version": "0.13.2",
      "from": "radium@0.13.2",
      "resolved": "https://registry.npmjs.org/radium/-/radium-0.13.2.tgz",
      "dependencies": {
        "array-find": {
          "version": "1.0.0",
          "from": "array-find@>=1.0.0 <2.0.0",
          "resolved": "https://registry.npmjs.org/array-find/-/array-find-1.0.0.tgz"
        },
        "exenv": {
          "version": "1.2.0",
          "from": "exenv@>=1.2.0 <2.0.0",
          "resolved": "https://npme.walmart.com/e/exenv/_attachments/exenv-1.2.0.tgz"
        },
        "rimraf": {
          "version": "2.4.3",
          "from": "rimraf@>=2.4.0 <3.0.0",
          "resolved": "https://registry.npmjs.org/rimraf/-/rimraf-2.4.3.tgz",
          "dependencies": {
            "glob": {
              "version": "5.0.14",
              "from": "glob@>=5.0.14 <6.0.0",
              "resolved": "https://npme.walmart.com/g/glob/_attachments/glob-5.0.14.tgz",
              "dependencies": {
                "inflight": {
                  "version": "1.0.4",
                  "from": "inflight@>=1.0.4 <2.0.0",
                  "resolved": "https://registry.npmjs.org/inflight/-/inflight-1.0.4.tgz",
                  "dependencies": {
                    "wrappy": {
                      "version": "1.0.1",
                      "from": "wrappy@>=1.0.0 <2.0.0",
                      "resolved": "https://registry.npmjs.org/wrappy/-/wrappy-1.0.1.tgz"
                    }
                  }
                },
                "inherits": {
                  "version": "2.0.1",
                  "from": "inherits@>=2.0.0 <3.0.0",
                  "resolved": "https://npme.walmart.com/i/inherits/_attachments/inherits-2.0.1.tgz"
                },
                "minimatch": {
                  "version": "2.0.10",
                  "from": "minimatch@>=2.0.1 <3.0.0",
                  "resolved": "https://npme.walmart.com/m/minimatch/_attachments/minimatch-2.0.10.tgz",
                  "dependencies": {
                    "brace-expansion": {
                      "version": "1.1.0",
                      "from": "brace-expansion@>=1.0.0 <2.0.0",
                      "resolved": "https://registry.npmjs.org/brace-expansion/-/brace-expansion-1.1.0.tgz",
                      "dependencies": {
                        "balanced-match": {
                          "version": "0.2.0",
                          "from": "balanced-match@>=0.2.0 <0.3.0",
                          "resolved": "https://registry.npmjs.org/balanced-match/-/balanced-match-0.2.0.tgz"
                        },
                        "concat-map": {
                          "version": "0.0.1",
                          "from": "concat-map@0.0.1",
                          "resolved": "https://npme.walmart.com/c/concat-map/_attachments/concat-map-0.0.1.tgz"
                        }
                      }
                    }
                  }
                },
                "once": {
                  "version": "1.3.2",
                  "from": "once@>=1.3.0 <2.0.0",
                  "resolved": "https://registry.npmjs.org/once/-/once-1.3.2.tgz",
                  "dependencies": {
                    "wrappy": {
                      "version": "1.0.1",
                      "from": "wrappy@>=1.0.0 <2.0.0",
                      "resolved": "https://registry.npmjs.org/wrappy/-/wrappy-1.0.1.tgz"
                    }
                  }
                },
                "path-is-absolute": {
                  "version": "1.0.0",
                  "from": "path-is-absolute@>=1.0.0 <2.0.0",
                  "resolved": "https://registry.npmjs.org/path-is-absolute/-/path-is-absolute-1.0.0.tgz"
                }
              }
            }
          }
        }
      }
    },
    "react": {
      "version": "0.13.3",
      "from": "react@0.13.3",
      "resolved": "https://registry.npmjs.org/react/-/react-0.13.3.tgz",
      "dependencies": {
        "envify": {
          "version": "3.4.0",
          "from": "envify@>=3.0.0 <4.0.0",
          "resolved": "https://registry.npmjs.org/envify/-/envify-3.4.0.tgz",
          "dependencies": {
            "through": {
              "version": "2.3.8",
              "from": "through@>=2.3.4 <2.4.0",
              "resolved": "https://registry.npmjs.org/through/-/through-2.3.8.tgz"
            },
            "jstransform": {
              "version": "10.1.0",
              "from": "jstransform@>=10.0.1 <11.0.0",
              "resolved": "https://registry.npmjs.org/jstransform/-/jstransform-10.1.0.tgz",
              "dependencies": {
                "base62": {
                  "version": "0.1.1",
                  "from": "base62@0.1.1",
                  "resolved": "https://npme.walmart.com/b/base62/_attachments/base62-0.1.1.tgz"
                },
                "esprima-fb": {
                  "version": "13001.1001.0-dev-harmony-fb",
                  "from": "esprima-fb@13001.1001.0-dev-harmony-fb",
                  "resolved": "https://npme.walmart.com/e/esprima-fb/_attachments/esprima-fb-13001.1001.0-dev-harmony-fb.tgz"
                },
                "source-map": {
                  "version": "0.1.31",
                  "from": "source-map@0.1.31",
                  "resolved": "https://npme.walmart.com/s/source-map/_attachments/source-map-0.1.31.tgz",
                  "dependencies": {
                    "amdefine": {
                      "version": "1.0.0",
                      "from": "amdefine@>=0.0.4",
                      "resolved": "https://npme.walmart.com/a/amdefine/_attachments/amdefine-1.0.0.tgz"
                    }
                  }
                }
              }
            }
          }
        }
      }
    },
    "react-router": {
      "version": "1.0.0-beta2",
      "from": "react-router@1.0.0-beta2",
      "resolved": "https://registry.npmjs.org/react-router/-/react-router-1.0.0-beta2.tgz",
      "dependencies": {
        "invariant": {
          "version": "2.1.0",
          "from": "invariant@>=2.0.0 <3.0.0",
          "resolved": "https://registry.npmjs.org/invariant/-/invariant-2.1.0.tgz",
          "dependencies": {
            "envify": {
              "version": "3.4.0",
              "from": "envify@>=3.0.0 <4.0.0",
              "resolved": "https://registry.npmjs.org/envify/-/envify-3.4.0.tgz",
              "dependencies": {
                "through": {
                  "version": "2.3.8",
                  "from": "through@>=2.3.4 <2.4.0",
                  "resolved": "https://registry.npmjs.org/through/-/through-2.3.8.tgz"
                },
                "jstransform": {
                  "version": "10.1.0",
                  "from": "jstransform@>=10.0.1 <11.0.0",
                  "resolved": "https://registry.npmjs.org/jstransform/-/jstransform-10.1.0.tgz",
                  "dependencies": {
                    "base62": {
                      "version": "0.1.1",
                      "from": "base62@0.1.1",
                      "resolved": "https://npme.walmart.com/b/base62/_attachments/base62-0.1.1.tgz"
                    },
                    "esprima-fb": {
                      "version": "13001.1001.0-dev-harmony-fb",
                      "from": "esprima-fb@13001.1001.0-dev-harmony-fb",
                      "resolved": "https://npme.walmart.com/e/esprima-fb/_attachments/esprima-fb-13001.1001.0-dev-harmony-fb.tgz"
                    },
                    "source-map": {
                      "version": "0.1.31",
                      "from": "source-map@0.1.31",
                      "resolved": "https://npme.walmart.com/s/source-map/_attachments/source-map-0.1.31.tgz",
                      "dependencies": {
                        "amdefine": {
                          "version": "1.0.0",
                          "from": "amdefine@>=0.0.4",
                          "resolved": "https://npme.walmart.com/a/amdefine/_attachments/amdefine-1.0.0.tgz"
                        }
                      }
                    }
                  }
                }
              }
            }
          }
        },
        "keymirror": {
          "version": "0.1.1",
          "from": "keymirror@>=0.1.1 <0.2.0",
          "resolved": "https://registry.npmjs.org/keymirror/-/keymirror-0.1.1.tgz"
        },
        "qs": {
          "version": "2.4.1",
          "from": "qs@2.4.1",
          "resolved": "https://npme.walmart.com/q/qs/_attachments/qs-2.4.1.tgz"
        },
        "warning": {
          "version": "1.0.2",
          "from": "warning@>=1.0.1 <2.0.0",
          "resolved": "https://registry.npmjs.org/warning/-/warning-1.0.2.tgz"
        }
      }
    },
    "react-tween-state": {
      "version": "0.0.5",
      "from": "react-tween-state@0.0.5",
      "resolved": "https://npme.walmart.com/r/react-tween-state/_attachments/react-tween-state-0.0.5.tgz"
    },
    "style-loader": {
      "version": "0.12.3",
      "from": "style-loader@0.12.3",
      "resolved": "https://npme.walmart.com/s/style-loader/_attachments/style-loader-0.12.3.tgz",
      "dependencies": {
        "loader-utils": {
          "version": "0.2.11",
          "from": "loader-utils@>=0.2.5 <0.3.0",
          "resolved": "https://registry.npmjs.org/loader-utils/-/loader-utils-0.2.11.tgz",
          "dependencies": {
            "big.js": {
              "version": "3.1.3",
              "from": "big.js@>=3.0.2 <4.0.0",
              "resolved": "https://npme.walmart.com/b/big.js/_attachments/big.js-3.1.3.tgz"
            },
            "json5": {
              "version": "0.4.0",
              "from": "json5@>=0.4.0 <0.5.0",
              "resolved": "https://registry.npmjs.org/json5/-/json5-0.4.0.tgz"
            }
          }
        }
      }
    },
    "stylus-loader": {
      "version": "1.2.1",
      "from": "stylus-loader@1.2.1",
      "resolved": "https://npme.walmart.com/s/stylus-loader/_attachments/stylus-loader-1.2.1.tgz",
      "dependencies": {
        "loader-utils": {
          "version": "0.2.11",
          "from": "loader-utils@>=0.2.9 <0.3.0",
          "resolved": "https://registry.npmjs.org/loader-utils/-/loader-utils-0.2.11.tgz",
          "dependencies": {
            "big.js": {
              "version": "3.1.3",
              "from": "big.js@>=3.0.2 <4.0.0",
              "resolved": "https://npme.walmart.com/b/big.js/_attachments/big.js-3.1.3.tgz"
            },
            "json5": {
              "version": "0.4.0",
              "from": "json5@>=0.4.0 <0.5.0",
              "resolved": "https://registry.npmjs.org/json5/-/json5-0.4.0.tgz"
            }
          }
        },
        "stylus": {
          "version": "0.49.3",
          "from": "stylus@>=0.49.3 <0.50.0",
          "resolved": "https://registry.npmjs.org/stylus/-/stylus-0.49.3.tgz",
          "dependencies": {
            "css-parse": {
              "version": "1.7.0",
              "from": "css-parse@>=1.7.0 <1.8.0",
              "resolved": "https://registry.npmjs.org/css-parse/-/css-parse-1.7.0.tgz"
            },
            "mkdirp": {
              "version": "0.3.5",
              "from": "mkdirp@>=0.3.0 <0.4.0",
              "resolved": "https://registry.npmjs.org/mkdirp/-/mkdirp-0.3.5.tgz"
            },
            "debug": {
              "version": "2.2.0",
              "from": "debug@*",
              "resolved": "https://registry.npmjs.org/debug/-/debug-2.2.0.tgz",
              "dependencies": {
                "ms": {
                  "version": "0.7.1",
                  "from": "ms@0.7.1",
                  "resolved": "https://npme.walmart.com/m/ms/_attachments/ms-0.7.1.tgz"
                }
              }
            },
            "sax": {
              "version": "0.5.8",
              "from": "sax@>=0.5.0 <0.6.0",
              "resolved": "https://registry.npmjs.org/sax/-/sax-0.5.8.tgz"
            },
            "glob": {
              "version": "3.2.11",
              "from": "glob@>=3.2.0 <3.3.0",
              "resolved": "https://registry.npmjs.org/glob/-/glob-3.2.11.tgz",
              "dependencies": {
                "inherits": {
                  "version": "2.0.1",
                  "from": "inherits@>=2.0.0 <3.0.0",
                  "resolved": "https://npme.walmart.com/i/inherits/_attachments/inherits-2.0.1.tgz"
                },
                "minimatch": {
                  "version": "0.3.0",
                  "from": "minimatch@>=0.3.0 <0.4.0",
                  "resolved": "https://registry.npmjs.org/minimatch/-/minimatch-0.3.0.tgz",
                  "dependencies": {
                    "lru-cache": {
                      "version": "2.6.5",
                      "from": "lru-cache@>=2.0.0 <3.0.0",
                      "resolved": "https://registry.npmjs.org/lru-cache/-/lru-cache-2.6.5.tgz"
                    },
                    "sigmund": {
                      "version": "1.0.1",
                      "from": "sigmund@>=1.0.0 <1.1.0",
                      "resolved": "https://registry.npmjs.org/sigmund/-/sigmund-1.0.1.tgz"
                    }
                  }
                }
              }
            },
            "source-map": {
              "version": "0.1.43",
              "from": "source-map@>=0.1.0 <0.2.0",
              "resolved": "https://registry.npmjs.org/source-map/-/source-map-0.1.43.tgz",
              "dependencies": {
                "amdefine": {
                  "version": "1.0.0",
                  "from": "amdefine@>=0.0.4",
                  "resolved": "https://npme.walmart.com/a/amdefine/_attachments/amdefine-1.0.0.tgz"
                }
              }
            }
          }
        },
        "when": {
          "version": "3.6.4",
          "from": "when@>=3.6.0 <3.7.0",
          "resolved": "https://registry.npmjs.org/when/-/when-3.6.4.tgz"
        }
      }
    },
    "tween-functions": {
      "version": "1.0.2",
      "from": "tween-functions@1.0.2",
      "resolved": "https://npme.walmart.com/t/tween-functions/_attachments/tween-functions-1.0.2.tgz"
    },
    "yeticss": {
      "version": "7.0.5",
      "from": "yeticss@*",
      "resolved": "https://registry.npmjs.org/yeticss/-/yeticss-7.0.5.tgz",
      "dependencies": {
        "stylus": {
          "version": "0.47.3",
          "from": "stylus@>=0.47.3 <0.48.0",
          "resolved": "https://registry.npmjs.org/stylus/-/stylus-0.47.3.tgz",
          "dependencies": {
            "css-parse": {
              "version": "1.7.0",
              "from": "css-parse@>=1.7.0 <1.8.0",
              "resolved": "https://registry.npmjs.org/css-parse/-/css-parse-1.7.0.tgz"
            },
            "mkdirp": {
              "version": "0.3.5",
              "from": "mkdirp@>=0.3.0 <0.4.0",
              "resolved": "https://registry.npmjs.org/mkdirp/-/mkdirp-0.3.5.tgz"
            },
            "debug": {
              "version": "2.2.0",
              "from": "debug@*",
              "resolved": "https://registry.npmjs.org/debug/-/debug-2.2.0.tgz",
              "dependencies": {
                "ms": {
                  "version": "0.7.1",
                  "from": "ms@0.7.1",
                  "resolved": "https://npme.walmart.com/m/ms/_attachments/ms-0.7.1.tgz"
                }
              }
            },
            "sax": {
              "version": "0.5.8",
              "from": "sax@>=0.5.0 <0.6.0",
              "resolved": "https://registry.npmjs.org/sax/-/sax-0.5.8.tgz"
            },
            "glob": {
              "version": "3.2.11",
              "from": "glob@>=3.2.0 <3.3.0",
              "resolved": "https://registry.npmjs.org/glob/-/glob-3.2.11.tgz",
              "dependencies": {
                "inherits": {
                  "version": "2.0.1",
                  "from": "inherits@>=2.0.0 <3.0.0",
                  "resolved": "https://npme.walmart.com/i/inherits/_attachments/inherits-2.0.1.tgz"
                },
                "minimatch": {
                  "version": "0.3.0",
                  "from": "minimatch@>=0.3.0 <0.4.0",
                  "resolved": "https://registry.npmjs.org/minimatch/-/minimatch-0.3.0.tgz",
                  "dependencies": {
                    "lru-cache": {
                      "version": "2.6.5",
                      "from": "lru-cache@>=2.0.0 <3.0.0",
                      "resolved": "https://registry.npmjs.org/lru-cache/-/lru-cache-2.6.5.tgz"
                    },
                    "sigmund": {
                      "version": "1.0.1",
                      "from": "sigmund@>=1.0.0 <1.1.0",
                      "resolved": "https://registry.npmjs.org/sigmund/-/sigmund-1.0.1.tgz"
                    }
                  }
                }
              }
            }
          }
        }
      }
    }
  }
}
